PODS:
  - Flutter (1.0.0)
  - path_provider_foundation (0.0.1):
    - Flutter
    - FlutterMacOS
  - share_plus (0.0.1):
    - Flutter

DEPENDENCIES:
  - Flutter (from `Flutter`)
  - path_provider_foundation (from `.symlinks/plugins/path_provider_foundation/darwin`)
  - share_plus (from `.symlinks/plugins/share_plus/ios`)

EXTERNAL SOURCES:
  Flutter:
    :path: Flutter
  path_provider_foundation:
    :path: ".symlinks/plugins/path_provider_foundation/darwin"
  share_plus:
    :path: ".symlinks/plugins/share_plus/ios"

SPEC CHECKSUMS:
  Flutter: 71a624a5bc0c04062bf19101d501e466baf2fb47
  path_provider_foundation: 2a68637f8a62df7f6e790a428d1bdf72cb4e2d59
  share_plus: 4dfe6f47fc3248e89b3eea0be59a95d0433ebe1a

PODFILE CHECKSUM: 0aa19285d4ed2c6ecbc88a3afb8238bcf79461f1

COCOAPODS: 1.16.2
